
Microsoft Visual Studio Solution File, Format Version 12.00
# Visual Studio Version 16
VisualStudioVersion = 16.0.32002.261
MinimumVisualStudioVersion = 10.0.40219.1
Project("{FAE04EC0-301F-11D3-BF4B-00C04F79EFBC}") = "Operatorler", "Operatorler\Operatorler.csproj", "{59EE2AED-6D54-4FDD-AE0E-98B100C3D90A}"
EndProject
Global
	GlobalSection(SolutionConfigurationPlatforms) = preSolution
		Debug|Any CPU = Debug|Any CPU
		Release|Any CPU = Release|Any CPU
	EndGlobalSection
	GlobalSection(ProjectConfigurationPlatforms) = postSolution
		{59EE2AED-6D54-4FDD-AE0E-98B100C3D90A}.Debug|Any CPU.ActiveCfg = Debug|Any CPU
		{59EE2AED-6D54-4FDD-AE0E-98B100C3D90A}.Debug|Any CPU.Build.0 = Debug|Any CPU
		{59EE2AED-6D54-4FDD-AE0E-98B100C3D90A}.Release|Any CPU.ActiveCfg = Release|Any CPU
		{59EE2AED-6D54-4FDD-AE0E-98B100C3D90A}.Release|Any CPU.Build.0 = Release|Any CPU
	EndGlobalSection
	GlobalSection(SolutionProperties) = preSolution
		HideSolutionNode = FALSE
	EndGlobalSection
	GlobalSection(ExtensibilityGlobals) = postSolution
		SolutionGuid = {4BDB302D-7FF2-497B-898A-E86B966E8F4D}
	EndGlobalSection
EndGlobal
